
Microsoft Visual Studio Solution File, Format Version 12.00
# Visual Studio 2013
VisualStudioVersion = 12.0.21005.1
MinimumVisualStudioVersion = 10.0.40219.1
Project("{FAE04EC0-301F-11D3-BF4B-00C04F79EFBC}") = "20161018", "20161018\20161018.csproj", "{AC78A979-941C-45A4-B183-7EA916AD1277}"
EndProject
Project("{FAE04EC0-301F-11D3-BF4B-00C04F79EFBC}") = "20161019Test2", "..\20161019Test2\20161019Test2.csproj", "{82C7B26B-C975-449D-A4EF-3D101AF43F9B}"
EndProject
Project("{FAE04EC0-301F-11D3-BF4B-00C04F79EFBC}") = "20161025", "20161025\20161025.csproj", "{8C65CF04-5BED-425F-ABA3-467C0C31B22B}"
EndProject
Project("{FAE04EC0-301F-11D3-BF4B-00C04F79EFBC}") = "20161026", "20161026\20161026.csproj", "{86A8AD3B-5E20-4D9B-BFDE-705C405731F7}"
EndProject
Global
	GlobalSection(SolutionConfigurationPlatforms) = preSolution
		Debug|Any CPU = Debug|Any CPU
		Release|Any CPU = Release|Any CPU
	EndGlobalSection
	GlobalSection(ProjectConfigurationPlatforms) = postSolution
		{AC78A979-941C-45A4-B183-7EA916AD1277}.Debug|Any CPU.ActiveCfg = Debug|Any CPU
		{AC78A979-941C-45A4-B183-7EA916AD1277}.Debug|Any CPU.Build.0 = Debug|Any CPU
		{AC78A979-941C-45A4-B183-7EA916AD1277}.Release|Any CPU.ActiveCfg = Release|Any CPU
		{AC78A979-941C-45A4-B183-7EA916AD1277}.Release|Any CPU.Build.0 = Release|Any CPU
		{82C7B26B-C975-449D-A4EF-3D101AF43F9B}.Debug|Any CPU.ActiveCfg = Debug|Any CPU
		{82C7B26B-C975-449D-A4EF-3D101AF43F9B}.Debug|Any CPU.Build.0 = Debug|Any CPU
		{82C7B26B-C975-449D-A4EF-3D101AF43F9B}.Release|Any CPU.ActiveCfg = Release|Any CPU
		{82C7B26B-C975-449D-A4EF-3D101AF43F9B}.Release|Any CPU.Build.0 = Release|Any CPU
		{8C65CF04-5BED-425F-ABA3-467C0C31B22B}.Debug|Any CPU.ActiveCfg = Debug|Any CPU
		{8C65CF04-5BED-425F-ABA3-467C0C31B22B}.Debug|Any CPU.Build.0 = Debug|Any CPU
		{8C65CF04-5BED-425F-ABA3-467C0C31B22B}.Release|Any CPU.ActiveCfg = Release|Any CPU
		{8C65CF04-5BED-425F-ABA3-467C0C31B22B}.Release|Any CPU.Build.0 = Release|Any CPU
		{86A8AD3B-5E20-4D9B-BFDE-705C405731F7}.Debug|Any CPU.ActiveCfg = Debug|Any CPU
		{86A8AD3B-5E20-4D9B-BFDE-705C405731F7}.Debug|Any CPU.Build.0 = Debug|Any CPU
		{86A8AD3B-5E20-4D9B-BFDE-705C405731F7}.Release|Any CPU.ActiveCfg = Release|Any CPU
		{86A8AD3B-5E20-4D9B-BFDE-705C405731F7}.Release|Any CPU.Build.0 = Release|Any CPU
	EndGlobalSection
	GlobalSection(SolutionProperties) = preSolution
		HideSolutionNode = FALSE
	EndGlobalSection
EndGlobal
